
Microsoft Visual Studio Solution File, Format Version 12.00
# Visual Studio Version 17
VisualStudioVersion = 17.6.33829.357
MinimumVisualStudioVersion = 10.0.40219.1
Project("{2150E333-8FDC-42A3-9474-1A3956D46DE8}") = "src", "src", "{831D82C6-2B0D-4385-8AC5-5421BA9E378F}"
EndProject
Project("{2150E333-8FDC-42A3-9474-1A3956D46DE8}") = "tests", "tests", "{42F5E524-524C-4A16-A277-829ED911E30D}"
EndProject
Project("{2150E333-8FDC-42A3-9474-1A3956D46DE8}") = "core", "core", "{44EA8849-4735-4E10-BC27-8A3AAF4EEFDD}"
EndProject
Project("{2150E333-8FDC-42A3-9474-1A3956D46DE8}") = "leads", "leads", "{CFB635CF-C287-4A19-B5E0-1FA01F5B7788}"
EndProject
Project("{2150E333-8FDC-42A3-9474-1A3956D46DE8}") = "nomenclatures", "nomenclatures", "{BE8E46FE-9690-46B3-BF4D-92BBEE08496F}"
EndProject
Project("{9A19103F-16F7-4668-BE54-9A1E7A4F7556}") = "Domain", "src\core\Domain\Domain.csproj", "{F4D02C6F-C998-4726-A555-D7013CBD6567}"
EndProject
Project("{9A19103F-16F7-4668-BE54-9A1E7A4F7556}") = "Application", "src\core\Application\Application.csproj", "{36441CC5-954F-4BEF-B624-7E7D45DDBCC8}"
EndProject
Project("{9A19103F-16F7-4668-BE54-9A1E7A4F7556}") = "Infrastructure", "src\core\Infrastucture\Infrastructure.csproj", "{F687E6F4-AE2B-46C1-8AC4-AA9F0309FBD4}"
EndProject
Project("{9A19103F-16F7-4668-BE54-9A1E7A4F7556}") = "Nomenclatures.Application", "src\nomenclatures\Nomenclatures.Application\Nomenclatures.Application.csproj", "{49A8CA4D-B39F-4827-A65B-7389C1605452}"
EndProject
Project("{9A19103F-16F7-4668-BE54-9A1E7A4F7556}") = "Nomenclatures", "src\nomenclatures\Nomenclatures\Nomenclatures.csproj", "{534B7C03-6CCA-4B8A-A0FF-5817BBCB2776}"
EndProject
Project("{9A19103F-16F7-4668-BE54-9A1E7A4F7556}") = "Functions", "src\core\Functions\Functions.csproj", "{C86911A4-491F-4FEE-99BD-4BD4CDDAEDB5}"
EndProject
Project("{9A19103F-16F7-4668-BE54-9A1E7A4F7556}") = "Leads.Application", "src\leads\Leads.Application\Leads.Application.csproj", "{29A208E3-45C6-4BE3-8388-9B59A61DF37F}"
EndProject
Project("{9A19103F-16F7-4668-BE54-9A1E7A4F7556}") = "Leads", "src\leads\Leads\Leads.csproj", "{38065912-F5A0-42A3-923E-4071D604ACC8}"
EndProject
Project("{2150E333-8FDC-42A3-9474-1A3956D46DE8}") = "nomenclatures", "nomenclatures", "{677BE8D4-16C8-4A15-A56A-2C738F140951}"
EndProject
Project("{9A19103F-16F7-4668-BE54-9A1E7A4F7556}") = "Nomenclatures.Application.IntegrationTests", "tests\Nomenclatures.Application.IntegrationTests\Nomenclatures.Application.IntegrationTests.csproj", "{B6E113E0-245C-4EB0-B6F6-26B529592E37}"
EndProject
Project("{2150E333-8FDC-42A3-9474-1A3956D46DE8}") = "leads", "leads", "{9FEB43C9-B39A-4F33-9691-A6EAF26521DA}"
EndProject
Project("{FAE04EC0-301F-11D3-BF4B-00C04F79EFBC}") = "Leads.Application.IntegrationTests", "tests\Leads.Application.IntegrationTests\Leads.Application.IntegrationTests.csproj", "{9C050DDA-4F2D-452E-8858-6CCF2EF03FAF}"
EndProject
Global
	GlobalSection(SolutionConfigurationPlatforms) = preSolution
		Debug|Any CPU = Debug|Any CPU
		Release|Any CPU = Release|Any CPU
	EndGlobalSection
	GlobalSection(ProjectConfigurationPlatforms) = postSolution
		{F4D02C6F-C998-4726-A555-D7013CBD6567}.Debug|Any CPU.ActiveCfg = Debug|Any CPU
		{F4D02C6F-C998-4726-A555-D7013CBD6567}.Debug|Any CPU.Build.0 = Debug|Any CPU
		{F4D02C6F-C998-4726-A555-D7013CBD6567}.Release|Any CPU.ActiveCfg = Release|Any CPU
		{F4D02C6F-C998-4726-A555-D7013CBD6567}.Release|Any CPU.Build.0 = Release|Any CPU
		{36441CC5-954F-4BEF-B624-7E7D45DDBCC8}.Debug|Any CPU.ActiveCfg = Debug|Any CPU
		{36441CC5-954F-4BEF-B624-7E7D45DDBCC8}.Debug|Any CPU.Build.0 = Debug|Any CPU
		{36441CC5-954F-4BEF-B624-7E7D45DDBCC8}.Release|Any CPU.ActiveCfg = Release|Any CPU
		{36441CC5-954F-4BEF-B624-7E7D45DDBCC8}.Release|Any CPU.Build.0 = Release|Any CPU
		{F687E6F4-AE2B-46C1-8AC4-AA9F0309FBD4}.Debug|Any CPU.ActiveCfg = Debug|Any CPU
		{F687E6F4-AE2B-46C1-8AC4-AA9F0309FBD4}.Debug|Any CPU.Build.0 = Debug|Any CPU
		{F687E6F4-AE2B-46C1-8AC4-AA9F0309FBD4}.Release|Any CPU.ActiveCfg = Release|Any CPU
		{F687E6F4-AE2B-46C1-8AC4-AA9F0309FBD4}.Release|Any CPU.Build.0 = Release|Any CPU
		{49A8CA4D-B39F-4827-A65B-7389C1605452}.Debug|Any CPU.ActiveCfg = Debug|Any CPU
		{49A8CA4D-B39F-4827-A65B-7389C1605452}.Debug|Any CPU.Build.0 = Debug|Any CPU
		{49A8CA4D-B39F-4827-A65B-7389C1605452}.Release|Any CPU.ActiveCfg = Release|Any CPU
		{49A8CA4D-B39F-4827-A65B-7389C1605452}.Release|Any CPU.Build.0 = Release|Any CPU
		{534B7C03-6CCA-4B8A-A0FF-5817BBCB2776}.Debug|Any CPU.ActiveCfg = Debug|Any CPU
		{534B7C03-6CCA-4B8A-A0FF-5817BBCB2776}.Debug|Any CPU.Build.0 = Debug|Any CPU
		{534B7C03-6CCA-4B8A-A0FF-5817BBCB2776}.Release|Any CPU.ActiveCfg = Release|Any CPU
		{534B7C03-6CCA-4B8A-A0FF-5817BBCB2776}.Release|Any CPU.Build.0 = Release|Any CPU
		{C86911A4-491F-4FEE-99BD-4BD4CDDAEDB5}.Debug|Any CPU.ActiveCfg = Debug|Any CPU
		{C86911A4-491F-4FEE-99BD-4BD4CDDAEDB5}.Debug|Any CPU.Build.0 = Debug|Any CPU
		{C86911A4-491F-4FEE-99BD-4BD4CDDAEDB5}.Release|Any CPU.ActiveCfg = Release|Any CPU
		{C86911A4-491F-4FEE-99BD-4BD4CDDAEDB5}.Release|Any CPU.Build.0 = Release|Any CPU
		{29A208E3-45C6-4BE3-8388-9B59A61DF37F}.Debug|Any CPU.ActiveCfg = Debug|Any CPU
		{29A208E3-45C6-4BE3-8388-9B59A61DF37F}.Debug|Any CPU.Build.0 = Debug|Any CPU
		{29A208E3-45C6-4BE3-8388-9B59A61DF37F}.Release|Any CPU.ActiveCfg = Release|Any CPU
		{29A208E3-45C6-4BE3-8388-9B59A61DF37F}.Release|Any CPU.Build.0 = Release|Any CPU
		{38065912-F5A0-42A3-923E-4071D604ACC8}.Debug|Any CPU.ActiveCfg = Debug|Any CPU
		{38065912-F5A0-42A3-923E-4071D604ACC8}.Debug|Any CPU.Build.0 = Debug|Any CPU
		{38065912-F5A0-42A3-923E-4071D604ACC8}.Release|Any CPU.ActiveCfg = Release|Any CPU
		{38065912-F5A0-42A3-923E-4071D604ACC8}.Release|Any CPU.Build.0 = Release|Any CPU
		{B6E113E0-245C-4EB0-B6F6-26B529592E37}.Debug|Any CPU.ActiveCfg = Debug|Any CPU
		{B6E113E0-245C-4EB0-B6F6-26B529592E37}.Debug|Any CPU.Build.0 = Debug|Any CPU
		{B6E113E0-245C-4EB0-B6F6-26B529592E37}.Release|Any CPU.ActiveCfg = Release|Any CPU
		{B6E113E0-245C-4EB0-B6F6-26B529592E37}.Release|Any CPU.Build.0 = Release|Any CPU
		{9C050DDA-4F2D-452E-8858-6CCF2EF03FAF}.Debug|Any CPU.ActiveCfg = Debug|Any CPU
		{9C050DDA-4F2D-452E-8858-6CCF2EF03FAF}.Debug|Any CPU.Build.0 = Debug|Any CPU
		{9C050DDA-4F2D-452E-8858-6CCF2EF03FAF}.Release|Any CPU.ActiveCfg = Release|Any CPU
		{9C050DDA-4F2D-452E-8858-6CCF2EF03FAF}.Release|Any CPU.Build.0 = Release|Any CPU
	EndGlobalSection
	GlobalSection(SolutionProperties) = preSolution
		HideSolutionNode = FALSE
	EndGlobalSection
	GlobalSection(NestedProjects) = preSolution
		{44EA8849-4735-4E10-BC27-8A3AAF4EEFDD} = {831D82C6-2B0D-4385-8AC5-5421BA9E378F}
		{CFB635CF-C287-4A19-B5E0-1FA01F5B7788} = {831D82C6-2B0D-4385-8AC5-5421BA9E378F}
		{BE8E46FE-9690-46B3-BF4D-92BBEE08496F} = {831D82C6-2B0D-4385-8AC5-5421BA9E378F}
		{F4D02C6F-C998-4726-A555-D7013CBD6567} = {44EA8849-4735-4E10-BC27-8A3AAF4EEFDD}
		{36441CC5-954F-4BEF-B624-7E7D45DDBCC8} = {44EA8849-4735-4E10-BC27-8A3AAF4EEFDD}
		{F687E6F4-AE2B-46C1-8AC4-AA9F0309FBD4} = {44EA8849-4735-4E10-BC27-8A3AAF4EEFDD}
		{49A8CA4D-B39F-4827-A65B-7389C1605452} = {BE8E46FE-9690-46B3-BF4D-92BBEE08496F}
		{534B7C03-6CCA-4B8A-A0FF-5817BBCB2776} = {BE8E46FE-9690-46B3-BF4D-92BBEE08496F}
		{C86911A4-491F-4FEE-99BD-4BD4CDDAEDB5} = {44EA8849-4735-4E10-BC27-8A3AAF4EEFDD}
		{29A208E3-45C6-4BE3-8388-9B59A61DF37F} = {CFB635CF-C287-4A19-B5E0-1FA01F5B7788}
		{38065912-F5A0-42A3-923E-4071D604ACC8} = {CFB635CF-C287-4A19-B5E0-1FA01F5B7788}
		{677BE8D4-16C8-4A15-A56A-2C738F140951} = {42F5E524-524C-4A16-A277-829ED911E30D}
		{B6E113E0-245C-4EB0-B6F6-26B529592E37} = {677BE8D4-16C8-4A15-A56A-2C738F140951}
		{9FEB43C9-B39A-4F33-9691-A6EAF26521DA} = {42F5E524-524C-4A16-A277-829ED911E30D}
		{9C050DDA-4F2D-452E-8858-6CCF2EF03FAF} = {9FEB43C9-B39A-4F33-9691-A6EAF26521DA}
	EndGlobalSection
	GlobalSection(ExtensibilityGlobals) = postSolution
		SolutionGuid = {AFCE4EDF-7921-4462-96F9-5143A7A430CB}
	EndGlobalSection
EndGlobal
